
Microsoft Visual Studio Solution File, Format Version 12.00
# Visual Studio Version 17
VisualStudioVersion = 17.0.31903.59
MinimumVisualStudioVersion = 10.0.40219.1
Project("{2150E333-8FDC-42A3-9474-1A3956D46DE8}") = "samples", "samples", "{5D20AA90-6969-D8BD-9DCD-8634F4692FDA}"
EndProject
Project("{2150E333-8FDC-42A3-9474-1A3956D46DE8}") = "01-dependency-injection", "01-dependency-injection", "{45EA179B-FFE1-9E47-3AE7-93775A9C2C4E}"
EndProject
Project("{FAE04EC0-301F-11D3-BF4B-00C04F79EFBC}") = "DependencyInjection.Sample", "samples\01-dependency-injection\DependencyInjection.Sample.csproj", "{8DE471DE-09AB-407F-B796-B460D5C17EBB}"
EndProject
Project("{FAE04EC0-301F-11D3-BF4B-00C04F79EFBC}") = "RepositoryPattern.Sample", "samples\02-repository-pattern\RepositoryPattern.Sample.csproj", "{DF8E6A9A-D486-4EB1-9D10-A4733F6C4A57}"
EndProject
Project("{FAE04EC0-301F-11D3-BF4B-00C04F79EFBC}") = "DtoMapping.Sample", "samples\03-dto-mapping\DtoMapping.Sample.csproj", "{6283B77E-DA39-4B82-808B-299A46DF52A7}"
EndProject
Project("{2150E333-8FDC-42A3-9474-1A3956D46DE8}") = "04-validation", "04-validation", "{34EBDC1D-7E63-D696-C021-5A6AB338977E}"
EndProject
Project("{FAE04EC0-301F-11D3-BF4B-00C04F79EFBC}") = "Validation.Sample", "samples\04-validation\Validation.Sample.csproj", "{3239B685-87E6-4CFA-8407-DB1BC9AF79B4}"
EndProject
Project("{FAE04EC0-301F-11D3-BF4B-00C04F79EFBC}") = "ErrorHandling.Sample", "samples\05-error-handling\ErrorHandling.Sample.csproj", "{E411E6D6-A36D-4721-A189-09AE44E67395}"
EndProject
Project("{FAE04EC0-301F-11D3-BF4B-00C04F79EFBC}") = "Pagination.Sample", "samples\06-pagination\Pagination.Sample.csproj", "{7E5126DE-FEA4-490D-90AE-DB8CC64178C0}"
EndProject
Project("{2150E333-8FDC-42A3-9474-1A3956D46DE8}") = "07-unit-testing", "07-unit-testing", "{BBC6B996-BD26-9442-D941-E76595AFBD4F}"
EndProject
Project("{FAE04EC0-301F-11D3-BF4B-00C04F79EFBC}") = "UnitTesting.Sample", "samples\07-unit-testing\UnitTesting.Sample.csproj", "{2F1D2122-1ED8-43C8-9966-1F0B56D1BFCD}"
EndProject
Project("{FAE04EC0-301F-11D3-BF4B-00C04F79EFBC}") = "AuthBasics.Sample", "samples\08-auth-basics\AuthBasics.Sample.csproj", "{3D4F09BE-1771-42E3-8BE0-5AE4EC384568}"
EndProject
Project("{FAE04EC0-301F-11D3-BF4B-00C04F79EFBC}") = "Logging.Sample", "samples\09-logging\Logging.Sample.csproj", "{3F319299-EF5C-45CA-995C-83D1D7B941BD}"
EndProject
Project("{2150E333-8FDC-42A3-9474-1A3956D46DE8}") = "10-cqrs", "10-cqrs", "{69CDBEBA-7A09-A3A8-6B5D-0D61979F0F77}"
EndProject
Project("{FAE04EC0-301F-11D3-BF4B-00C04F79EFBC}") = "Cqrs.Sample", "samples\10-cqrs\Cqrs.Sample.csproj", "{27072D7A-6CDC-4899-AD16-72E5A74E2305}"
EndProject
Project("{FAE04EC0-301F-11D3-BF4B-00C04F79EFBC}") = "ResultPattern.Sample", "samples\11-result-pattern\ResultPattern.Sample.csproj", "{A5ABB273-40FE-4A07-B09F-B6CA0242DF49}"
EndProject
Project("{FAE04EC0-301F-11D3-BF4B-00C04F79EFBC}") = "OutboxPattern.Sample", "samples\12-outbox-pattern\OutboxPattern.Sample.csproj", "{AD09A358-EB9C-4177-AF25-092929D17D09}"
EndProject
Project("{2150E333-8FDC-42A3-9474-1A3956D46DE8}") = "tests", "tests", "{D1FE1DE1-7B01-C277-B4EF-5B5CDD4193A6}"
EndProject
Project("{FAE04EC0-301F-11D3-BF4B-00C04F79EFBC}") = "UnitTesting.Sample.Tests", "samples\07-unit-testing\tests\UnitTesting.Sample.Tests.csproj", "{F6BB14B2-447A-43DD-A558-47B201379C12}"
EndProject
Global
	GlobalSection(SolutionConfigurationPlatforms) = preSolution
		Debug|Any CPU = Debug|Any CPU
		Debug|x64 = Debug|x64
		Debug|x86 = Debug|x86
		Release|Any CPU = Release|Any CPU
		Release|x64 = Release|x64
		Release|x86 = Release|x86
	EndGlobalSection
	GlobalSection(ProjectConfigurationPlatforms) = postSolution
		{8DE471DE-09AB-407F-B796-B460D5C17EBB}.Debug|Any CPU.ActiveCfg = Debug|Any CPU
		{8DE471DE-09AB-407F-B796-B460D5C17EBB}.Debug|Any CPU.Build.0 = Debug|Any CPU
		{8DE471DE-09AB-407F-B796-B460D5C17EBB}.Debug|x64.ActiveCfg = Debug|Any CPU
		{8DE471DE-09AB-407F-B796-B460D5C17EBB}.Debug|x64.Build.0 = Debug|Any CPU
		{8DE471DE-09AB-407F-B796-B460D5C17EBB}.Debug|x86.ActiveCfg = Debug|Any CPU
		{8DE471DE-09AB-407F-B796-B460D5C17EBB}.Debug|x86.Build.0 = Debug|Any CPU
		{8DE471DE-09AB-407F-B796-B460D5C17EBB}.Release|Any CPU.ActiveCfg = Release|Any CPU
		{8DE471DE-09AB-407F-B796-B460D5C17EBB}.Release|Any CPU.Build.0 = Release|Any CPU
		{8DE471DE-09AB-407F-B796-B460D5C17EBB}.Release|x64.ActiveCfg = Release|Any CPU
		{8DE471DE-09AB-407F-B796-B460D5C17EBB}.Release|x64.Build.0 = Release|Any CPU
		{8DE471DE-09AB-407F-B796-B460D5C17EBB}.Release|x86.ActiveCfg = Release|Any CPU
		{8DE471DE-09AB-407F-B796-B460D5C17EBB}.Release|x86.Build.0 = Release|Any CPU
		{DF8E6A9A-D486-4EB1-9D10-A4733F6C4A57}.Debug|Any CPU.ActiveCfg = Debug|Any CPU
		{DF8E6A9A-D486-4EB1-9D10-A4733F6C4A57}.Debug|Any CPU.Build.0 = Debug|Any CPU
		{DF8E6A9A-D486-4EB1-9D10-A4733F6C4A57}.Debug|x64.ActiveCfg = Debug|Any CPU
		{DF8E6A9A-D486-4EB1-9D10-A4733F6C4A57}.Debug|x64.Build.0 = Debug|Any CPU
		{DF8E6A9A-D486-4EB1-9D10-A4733F6C4A57}.Debug|x86.ActiveCfg = Debug|Any CPU
		{DF8E6A9A-D486-4EB1-9D10-A4733F6C4A57}.Debug|x86.Build.0 = Debug|Any CPU
		{DF8E6A9A-D486-4EB1-9D10-A4733F6C4A57}.Release|Any CPU.ActiveCfg = Release|Any CPU
		{DF8E6A9A-D486-4EB1-9D10-A4733F6C4A57}.Release|Any CPU.Build.0 = Release|Any CPU
		{DF8E6A9A-D486-4EB1-9D10-A4733F6C4A57}.Release|x64.ActiveCfg = Release|Any CPU
		{DF8E6A9A-D486-4EB1-9D10-A4733F6C4A57}.Release|x64.Build.0 = Release|Any CPU
		{DF8E6A9A-D486-4EB1-9D10-A4733F6C4A57}.Release|x86.ActiveCfg = Release|Any CPU
		{DF8E6A9A-D486-4EB1-9D10-A4733F6C4A57}.Release|x86.Build.0 = Release|Any CPU
		{6283B77E-DA39-4B82-808B-299A46DF52A7}.Debug|Any CPU.ActiveCfg = Debug|Any CPU
		{6283B77E-DA39-4B82-808B-299A46DF52A7}.Debug|Any CPU.Build.0 = Debug|Any CPU
		{6283B77E-DA39-4B82-808B-299A46DF52A7}.Debug|x64.ActiveCfg = Debug|Any CPU
		{6283B77E-DA39-4B82-808B-299A46DF52A7}.Debug|x64.Build.0 = Debug|Any CPU
		{6283B77E-DA39-4B82-808B-299A46DF52A7}.Debug|x86.ActiveCfg = Debug|Any CPU
		{6283B77E-DA39-4B82-808B-299A46DF52A7}.Debug|x86.Build.0 = Debug|Any CPU
		{6283B77E-DA39-4B82-808B-299A46DF52A7}.Release|Any CPU.ActiveCfg = Release|Any CPU
		{6283B77E-DA39-4B82-808B-299A46DF52A7}.Release|Any CPU.Build.0 = Release|Any CPU
		{6283B77E-DA39-4B82-808B-299A46DF52A7}.Release|x64.ActiveCfg = Release|Any CPU
		{6283B77E-DA39-4B82-808B-299A46DF52A7}.Release|x64.Build.0 = Release|Any CPU
		{6283B77E-DA39-4B82-808B-299A46DF52A7}.Release|x86.ActiveCfg = Release|Any CPU
		{6283B77E-DA39-4B82-808B-299A46DF52A7}.Release|x86.Build.0 = Release|Any CPU
		{3239B685-87E6-4CFA-8407-DB1BC9AF79B4}.Debug|Any CPU.ActiveCfg = Debug|Any CPU
		{3239B685-87E6-4CFA-8407-DB1BC9AF79B4}.Debug|Any CPU.Build.0 = Debug|Any CPU
		{3239B685-87E6-4CFA-8407-DB1BC9AF79B4}.Debug|x64.ActiveCfg = Debug|Any CPU
		{3239B685-87E6-4CFA-8407-DB1BC9AF79B4}.Debug|x64.Build.0 = Debug|Any CPU
		{3239B685-87E6-4CFA-8407-DB1BC9AF79B4}.Debug|x86.ActiveCfg = Debug|Any CPU
		{3239B685-87E6-4CFA-8407-DB1BC9AF79B4}.Debug|x86.Build.0 = Debug|Any CPU
		{3239B685-87E6-4CFA-8407-DB1BC9AF79B4}.Release|Any CPU.ActiveCfg = Release|Any CPU
		{3239B685-87E6-4CFA-8407-DB1BC9AF79B4}.Release|Any CPU.Build.0 = Release|Any CPU
		{3239B685-87E6-4CFA-8407-DB1BC9AF79B4}.Release|x64.ActiveCfg = Release|Any CPU
		{3239B685-87E6-4CFA-8407-DB1BC9AF79B4}.Release|x64.Build.0 = Release|Any CPU
		{3239B685-87E6-4CFA-8407-DB1BC9AF79B4}.Release|x86.ActiveCfg = Release|Any CPU
		{3239B685-87E6-4CFA-8407-DB1BC9AF79B4}.Release|x86.Build.0 = Release|Any CPU
		{E411E6D6-A36D-4721-A189-09AE44E67395}.Debug|Any CPU.ActiveCfg = Debug|Any CPU
		{E411E6D6-A36D-4721-A189-09AE44E67395}.Debug|Any CPU.Build.0 = Debug|Any CPU
		{E411E6D6-A36D-4721-A189-09AE44E67395}.Debug|x64.ActiveCfg = Debug|Any CPU
		{E411E6D6-A36D-4721-A189-09AE44E67395}.Debug|x64.Build.0 = Debug|Any CPU
		{E411E6D6-A36D-4721-A189-09AE44E67395}.Debug|x86.ActiveCfg = Debug|Any CPU
		{E411E6D6-A36D-4721-A189-09AE44E67395}.Debug|x86.Build.0 = Debug|Any CPU
		{E411E6D6-A36D-4721-A189-09AE44E67395}.Release|Any CPU.ActiveCfg = Release|Any CPU
		{E411E6D6-A36D-4721-A189-09AE44E67395}.Release|Any CPU.Build.0 = Release|Any CPU
		{E411E6D6-A36D-4721-A189-09AE44E67395}.Release|x64.ActiveCfg = Release|Any CPU
		{E411E6D6-A36D-4721-A189-09AE44E67395}.Release|x64.Build.0 = Release|Any CPU
		{E411E6D6-A36D-4721-A189-09AE44E67395}.Release|x86.ActiveCfg = Release|Any CPU
		{E411E6D6-A36D-4721-A189-09AE44E67395}.Release|x86.Build.0 = Release|Any CPU
		{7E5126DE-FEA4-490D-90AE-DB8CC64178C0}.Debug|Any CPU.ActiveCfg = Debug|Any CPU
		{7E5126DE-FEA4-490D-90AE-DB8CC64178C0}.Debug|Any CPU.Build.0 = Debug|Any CPU
		{7E5126DE-FEA4-490D-90AE-DB8CC64178C0}.Debug|x64.ActiveCfg = Debug|Any CPU
		{7E5126DE-FEA4-490D-90AE-DB8CC64178C0}.Debug|x64.Build.0 = Debug|Any CPU
		{7E5126DE-FEA4-490D-90AE-DB8CC64178C0}.Debug|x86.ActiveCfg = Debug|Any CPU
		{7E5126DE-FEA4-490D-90AE-DB8CC64178C0}.Debug|x86.Build.0 = Debug|Any CPU
		{7E5126DE-FEA4-490D-90AE-DB8CC64178C0}.Release|Any CPU.ActiveCfg = Release|Any CPU
		{7E5126DE-FEA4-490D-90AE-DB8CC64178C0}.Release|Any CPU.Build.0 = Release|Any CPU
		{7E5126DE-FEA4-490D-90AE-DB8CC64178C0}.Release|x64.ActiveCfg = Release|Any CPU
		{7E5126DE-FEA4-490D-90AE-DB8CC64178C0}.Release|x64.Build.0 = Release|Any CPU
		{7E5126DE-FEA4-490D-90AE-DB8CC64178C0}.Release|x86.ActiveCfg = Release|Any CPU
		{7E5126DE-FEA4-490D-90AE-DB8CC64178C0}.Release|x86.Build.0 = Release|Any CPU
		{2F1D2122-1ED8-43C8-9966-1F0B56D1BFCD}.Debug|Any CPU.ActiveCfg = Debug|Any CPU
		{2F1D2122-1ED8-43C8-9966-1F0B56D1BFCD}.Debug|Any CPU.Build.0 = Debug|Any CPU
		{2F1D2122-1ED8-43C8-9966-1F0B56D1BFCD}.Debug|x64.ActiveCfg = Debug|Any CPU
		{2F1D2122-1ED8-43C8-9966-1F0B56D1BFCD}.Debug|x64.Build.0 = Debug|Any CPU
		{2F1D2122-1ED8-43C8-9966-1F0B56D1BFCD}.Debug|x86.ActiveCfg = Debug|Any CPU
		{2F1D2122-1ED8-43C8-9966-1F0B56D1BFCD}.Debug|x86.Build.0 = Debug|Any CPU
		{2F1D2122-1ED8-43C8-9966-1F0B56D1BFCD}.Release|Any CPU.ActiveCfg = Release|Any CPU
		{2F1D2122-1ED8-43C8-9966-1F0B56D1BFCD}.Release|Any CPU.Build.0 = Release|Any CPU
		{2F1D2122-1ED8-43C8-9966-1F0B56D1BFCD}.Release|x64.ActiveCfg = Release|Any CPU
		{2F1D2122-1ED8-43C8-9966-1F0B56D1BFCD}.Release|x64.Build.0 = Release|Any CPU
		{2F1D2122-1ED8-43C8-9966-1F0B56D1BFCD}.Release|x86.ActiveCfg = Release|Any CPU
		{2F1D2122-1ED8-43C8-9966-1F0B56D1BFCD}.Release|x86.Build.0 = Release|Any CPU
		{3D4F09BE-1771-42E3-8BE0-5AE4EC384568}.Debug|Any CPU.ActiveCfg = Debug|Any CPU
		{3D4F09BE-1771-42E3-8BE0-5AE4EC384568}.Debug|Any CPU.Build.0 = Debug|Any CPU
		{3D4F09BE-1771-42E3-8BE0-5AE4EC384568}.Debug|x64.ActiveCfg = Debug|Any CPU
		{3D4F09BE-1771-42E3-8BE0-5AE4EC384568}.Debug|x64.Build.0 = Debug|Any CPU
		{3D4F09BE-1771-42E3-8BE0-5AE4EC384568}.Debug|x86.ActiveCfg = Debug|Any CPU
		{3D4F09BE-1771-42E3-8BE0-5AE4EC384568}.Debug|x86.Build.0 = Debug|Any CPU
		{3D4F09BE-1771-42E3-8BE0-5AE4EC384568}.Release|Any CPU.ActiveCfg = Release|Any CPU
		{3D4F09BE-1771-42E3-8BE0-5AE4EC384568}.Release|Any CPU.Build.0 = Release|Any CPU
		{3D4F09BE-1771-42E3-8BE0-5AE4EC384568}.Release|x64.ActiveCfg = Release|Any CPU
		{3D4F09BE-1771-42E3-8BE0-5AE4EC384568}.Release|x64.Build.0 = Release|Any CPU
		{3D4F09BE-1771-42E3-8BE0-5AE4EC384568}.Release|x86.ActiveCfg = Release|Any CPU
		{3D4F09BE-1771-42E3-8BE0-5AE4EC384568}.Release|x86.Build.0 = Release|Any CPU
		{3F319299-EF5C-45CA-995C-83D1D7B941BD}.Debug|Any CPU.ActiveCfg = Debug|Any CPU
		{3F319299-EF5C-45CA-995C-83D1D7B941BD}.Debug|Any CPU.Build.0 = Debug|Any CPU
		{3F319299-EF5C-45CA-995C-83D1D7B941BD}.Debug|x64.ActiveCfg = Debug|Any CPU
		{3F319299-EF5C-45CA-995C-83D1D7B941BD}.Debug|x64.Build.0 = Debug|Any CPU
		{3F319299-EF5C-45CA-995C-83D1D7B941BD}.Debug|x86.ActiveCfg = Debug|Any CPU
		{3F319299-EF5C-45CA-995C-83D1D7B941BD}.Debug|x86.Build.0 = Debug|Any CPU
		{3F319299-EF5C-45CA-995C-83D1D7B941BD}.Release|Any CPU.ActiveCfg = Release|Any CPU
		{3F319299-EF5C-45CA-995C-83D1D7B941BD}.Release|Any CPU.Build.0 = Release|Any CPU
		{3F319299-EF5C-45CA-995C-83D1D7B941BD}.Release|x64.ActiveCfg = Release|Any CPU
		{3F319299-EF5C-45CA-995C-83D1D7B941BD}.Release|x64.Build.0 = Release|Any CPU
		{3F319299-EF5C-45CA-995C-83D1D7B941BD}.Release|x86.ActiveCfg = Release|Any CPU
		{3F319299-EF5C-45CA-995C-83D1D7B941BD}.Release|x86.Build.0 = Release|Any CPU
		{27072D7A-6CDC-4899-AD16-72E5A74E2305}.Debug|Any CPU.ActiveCfg = Debug|Any CPU
		{27072D7A-6CDC-4899-AD16-72E5A74E2305}.Debug|Any CPU.Build.0 = Debug|Any CPU
		{27072D7A-6CDC-4899-AD16-72E5A74E2305}.Debug|x64.ActiveCfg = Debug|Any CPU
		{27072D7A-6CDC-4899-AD16-72E5A74E2305}.Debug|x64.Build.0 = Debug|Any CPU
		{27072D7A-6CDC-4899-AD16-72E5A74E2305}.Debug|x86.ActiveCfg = Debug|Any CPU
		{27072D7A-6CDC-4899-AD16-72E5A74E2305}.Debug|x86.Build.0 = Debug|Any CPU
		{27072D7A-6CDC-4899-AD16-72E5A74E2305}.Release|Any CPU.ActiveCfg = Release|Any CPU
		{27072D7A-6CDC-4899-AD16-72E5A74E2305}.Release|Any CPU.Build.0 = Release|Any CPU
		{27072D7A-6CDC-4899-AD16-72E5A74E2305}.Release|x64.ActiveCfg = Release|Any CPU
		{27072D7A-6CDC-4899-AD16-72E5A74E2305}.Release|x64.Build.0 = Release|Any CPU
		{27072D7A-6CDC-4899-AD16-72E5A74E2305}.Release|x86.ActiveCfg = Release|Any CPU
		{27072D7A-6CDC-4899-AD16-72E5A74E2305}.Release|x86.Build.0 = Release|Any CPU
		{A5ABB273-40FE-4A07-B09F-B6CA0242DF49}.Debug|Any CPU.ActiveCfg = Debug|Any CPU
		{A5ABB273-40FE-4A07-B09F-B6CA0242DF49}.Debug|Any CPU.Build.0 = Debug|Any CPU
		{A5ABB273-40FE-4A07-B09F-B6CA0242DF49}.Debug|x64.ActiveCfg = Debug|Any CPU
		{A5ABB273-40FE-4A07-B09F-B6CA0242DF49}.Debug|x64.Build.0 = Debug|Any CPU
		{A5ABB273-40FE-4A07-B09F-B6CA0242DF49}.Debug|x86.ActiveCfg = Debug|Any CPU
		{A5ABB273-40FE-4A07-B09F-B6CA0242DF49}.Debug|x86.Build.0 = Debug|Any CPU
		{A5ABB273-40FE-4A07-B09F-B6CA0242DF49}.Release|Any CPU.ActiveCfg = Release|Any CPU
		{A5ABB273-40FE-4A07-B09F-B6CA0242DF49}.Release|Any CPU.Build.0 = Release|Any CPU
		{A5ABB273-40FE-4A07-B09F-B6CA0242DF49}.Release|x64.ActiveCfg = Release|Any CPU
		{A5ABB273-40FE-4A07-B09F-B6CA0242DF49}.Release|x64.Build.0 = Release|Any CPU
		{A5ABB273-40FE-4A07-B09F-B6CA0242DF49}.Release|x86.ActiveCfg = Release|Any CPU
		{A5ABB273-40FE-4A07-B09F-B6CA0242DF49}.Release|x86.Build.0 = Release|Any CPU
		{AD09A358-EB9C-4177-AF25-092929D17D09}.Debug|Any CPU.ActiveCfg = Debug|Any CPU
		{AD09A358-EB9C-4177-AF25-092929D17D09}.Debug|Any CPU.Build.0 = Debug|Any CPU
		{AD09A358-EB9C-4177-AF25-092929D17D09}.Debug|x64.ActiveCfg = Debug|Any CPU
		{AD09A358-EB9C-4177-AF25-092929D17D09}.Debug|x64.Build.0 = Debug|Any CPU
		{AD09A358-EB9C-4177-AF25-092929D17D09}.Debug|x86.ActiveCfg = Debug|Any CPU
		{AD09A358-EB9C-4177-AF25-092929D17D09}.Debug|x86.Build.0 = Debug|Any CPU
		{AD09A358-EB9C-4177-AF25-092929D17D09}.Release|Any CPU.ActiveCfg = Release|Any CPU
		{AD09A358-EB9C-4177-AF25-092929D17D09}.Release|Any CPU.Build.0 = Release|Any CPU
		{AD09A358-EB9C-4177-AF25-092929D17D09}.Release|x64.ActiveCfg = Release|Any CPU
		{AD09A358-EB9C-4177-AF25-092929D17D09}.Release|x64.Build.0 = Release|Any CPU
		{AD09A358-EB9C-4177-AF25-092929D17D09}.Release|x86.ActiveCfg = Release|Any CPU
		{AD09A358-EB9C-4177-AF25-092929D17D09}.Release|x86.Build.0 = Release|Any CPU
		{F6BB14B2-447A-43DD-A558-47B201379C12}.Debug|Any CPU.ActiveCfg = Debug|Any CPU
		{F6BB14B2-447A-43DD-A558-47B201379C12}.Debug|Any CPU.Build.0 = Debug|Any CPU
		{F6BB14B2-447A-43DD-A558-47B201379C12}.Debug|x64.ActiveCfg = Debug|Any CPU
		{F6BB14B2-447A-43DD-A558-47B201379C12}.Debug|x64.Build.0 = Debug|Any CPU
		{F6BB14B2-447A-43DD-A558-47B201379C12}.Debug|x86.ActiveCfg = Debug|Any CPU
		{F6BB14B2-447A-43DD-A558-47B201379C12}.Debug|x86.Build.0 = Debug|Any CPU
		{F6BB14B2-447A-43DD-A558-47B201379C12}.Release|Any CPU.ActiveCfg = Release|Any CPU
		{F6BB14B2-447A-43DD-A558-47B201379C12}.Release|Any CPU.Build.0 = Release|Any CPU
		{F6BB14B2-447A-43DD-A558-47B201379C12}.Release|x64.ActiveCfg = Release|Any CPU
		{F6BB14B2-447A-43DD-A558-47B201379C12}.Release|x64.Build.0 = Release|Any CPU
		{F6BB14B2-447A-43DD-A558-47B201379C12}.Release|x86.ActiveCfg = Release|Any CPU
		{F6BB14B2-447A-43DD-A558-47B201379C12}.Release|x86.Build.0 = Release|Any CPU
	EndGlobalSection
	GlobalSection(SolutionProperties) = preSolution
		HideSolutionNode = FALSE
	EndGlobalSection
	GlobalSection(NestedProjects) = preSolution
		{45EA179B-FFE1-9E47-3AE7-93775A9C2C4E} = {5D20AA90-6969-D8BD-9DCD-8634F4692FDA}
		{8DE471DE-09AB-407F-B796-B460D5C17EBB} = {45EA179B-FFE1-9E47-3AE7-93775A9C2C4E}
		{DF8E6A9A-D486-4EB1-9D10-A4733F6C4A57} = {45EA179B-FFE1-9E47-3AE7-93775A9C2C4E}
		{6283B77E-DA39-4B82-808B-299A46DF52A7} = {45EA179B-FFE1-9E47-3AE7-93775A9C2C4E}
		{34EBDC1D-7E63-D696-C021-5A6AB338977E} = {5D20AA90-6969-D8BD-9DCD-8634F4692FDA}
		{3239B685-87E6-4CFA-8407-DB1BC9AF79B4} = {34EBDC1D-7E63-D696-C021-5A6AB338977E}
		{E411E6D6-A36D-4721-A189-09AE44E67395} = {34EBDC1D-7E63-D696-C021-5A6AB338977E}
		{7E5126DE-FEA4-490D-90AE-DB8CC64178C0} = {34EBDC1D-7E63-D696-C021-5A6AB338977E}
		{BBC6B996-BD26-9442-D941-E76595AFBD4F} = {5D20AA90-6969-D8BD-9DCD-8634F4692FDA}
		{2F1D2122-1ED8-43C8-9966-1F0B56D1BFCD} = {BBC6B996-BD26-9442-D941-E76595AFBD4F}
		{3D4F09BE-1771-42E3-8BE0-5AE4EC384568} = {BBC6B996-BD26-9442-D941-E76595AFBD4F}
		{3F319299-EF5C-45CA-995C-83D1D7B941BD} = {BBC6B996-BD26-9442-D941-E76595AFBD4F}
		{69CDBEBA-7A09-A3A8-6B5D-0D61979F0F77} = {5D20AA90-6969-D8BD-9DCD-8634F4692FDA}
		{27072D7A-6CDC-4899-AD16-72E5A74E2305} = {69CDBEBA-7A09-A3A8-6B5D-0D61979F0F77}
		{A5ABB273-40FE-4A07-B09F-B6CA0242DF49} = {69CDBEBA-7A09-A3A8-6B5D-0D61979F0F77}
		{AD09A358-EB9C-4177-AF25-092929D17D09} = {69CDBEBA-7A09-A3A8-6B5D-0D61979F0F77}
		{D1FE1DE1-7B01-C277-B4EF-5B5CDD4193A6} = {BBC6B996-BD26-9442-D941-E76595AFBD4F}
		{F6BB14B2-447A-43DD-A558-47B201379C12} = {D1FE1DE1-7B01-C277-B4EF-5B5CDD4193A6}
	EndGlobalSection
EndGlobal
